// !$*UTF8*$!
{
	archiveVersion = 1;
	classes = {
	};
	objectVersion = 46;
	objects = {

/* Begin PBXBuildFile section */
		637B57F51DD608B300A8D71C /* AppDelegate.swift in Sources */ = {isa = PBXBuildFile; fileRef = 637B57F41DD608B300A8D71C /* AppDelegate.swift */; };
		637B57F71DD608B300A8D71C /* ViewController.swift in Sources */ = {isa = PBXBuildFile; fileRef = 637B57F61DD608B300A8D71C /* ViewController.swift */; };
		637B57FA1DD608B300A8D71C /* Main.storyboard in Resources */ = {isa = PBXBuildFile; fileRef = 637B57F81DD608B300A8D71C /* Main.storyboard */; };
		637B57FC1DD608B300A8D71C /* Assets.xcassets in Resources */ = {isa = PBXBuildFile; fileRef = 637B57FB1DD608B300A8D71C /* Assets.xcassets */; };
		637B57FF1DD608B300A8D71C /* LaunchScreen.storyboard in Resources */ = {isa = PBXBuildFile; fileRef = 637B57FD1DD608B300A8D71C /* LaunchScreen.storyboard */; };
/* End PBXBuildFile section */

/* Begin PBXFileReference section */
		637B57F11DD608B300A8D71C /* ActionRouting.app */ = {isa = PBXFileReference; explicitFileType = wrapper.application; includeInIndex = 0; path = ActionRouting.app; sourceTree = BUILT_PRODUCTS_DIR; };
		637B57F41DD608B300A8D71C /* AppDelegate.swift */ = {isa = PBXFileReference; lastKnownFileType = sourcecode.swift; path = AppDelegate.swift; sourceTree = "<group>"; };
		637B57F61DD608B300A8D71C /* ViewController.swift */ = {isa = PBXFileReference; lastKnownFileType = sourcecode.swift; path = ViewController.swift; sourceTree = "<group>"; };
		637B57F91DD608B300A8D71C /* Base */ = {isa = PBXFileReference; lastKnownFileType = file.storyboard; name = Base; path = Base.lproj/Main.storyboard; sourceTree = "<group>"; };
		637B57FB1DD608B300A8D71C /* Assets.xcassets */ = {isa = PBXFileReference; lastKnownFileType = folder.assetcatalog; path = Assets.xcassets; sourceTree = "<group>"; };
		637B57FE1DD608B300A8D71C /* Base */ = {isa = PBXFileReference; lastKnownFileType = file.storyboard; name = Base; path = Base.lproj/LaunchScreen.storyboard; sourceTree = "<group>"; };
		637B58001DD608B300A8D71C /* Info.plist */ = {isa = PBXFileReference; lastKnownFileType = text.plist.xml; path = Info.plist; sourceTree = "<group>"; };
/* End PBXFileReference section */

/* Begin PBXFrameworksBuildPhase section */
		637B57EE1DD608B300A8D71C /* Frameworks */ = {
			isa = PBXFrameworksBuildPhase;
			buildActionMask = 2147483647;
			files = (
			);
			runOnlyForDeploymentPostprocessing = 0;
		};
/* End PBXFrameworksBuildPhase section */

/* Begin PBXGroup section */
		637B57E81DD608B300A8D71C = {
			isa = PBXGroup;
			children = (
				637B57F31DD608B300A8D71C /* ActionRouting */,
				637B57F21DD608B300A8D71C /* Products */,
			);
			sourceTree = "<group>";
		};
		637B57F21DD608B300A8D71C /* Products */ = {
			isa = PBXGroup;
			children = (
				637B57F11DD608B300A8D71C /* ActionRouting.app */,
			);
			name = Products;
			sourceTree = "<group>";
		};
		637B57F31DD608B300A8D71C /* ActionRouting */ = {
			isa = PBXGroup;
			children = (
				637B57F41DD608B300A8D71C /* AppDelegate.swift */,
				637B57F61DD608B300A8D71C /* ViewController.swift */,
				637B57F81DD608B300A8D71C /* Main.storyboard */,
				637B57FB1DD608B300A8D71C /* Assets.xcassets */,
				637B57FD1DD608B300A8D71C /* LaunchScreen.storyboard */,
				637B58001DD608B300A8D71C /* Info.plist */,
			);
			path = ActionRouting;
			sourceTree = "<group>";
		};
/* End PBXGroup section */

/* Begin PBXNativeTarget section */
		637B57F01DD608B300A8D71C /* ActionRouting */ = {
			isa = PBXNativeTarget;
			buildConfigurationList = 637B58031DD608B300A8D71C /* Build configuration list for PBXNativeTarget "ActionRouting" */;
			buildPhases = (
				637B57ED1DD608B300A8D71C /* Sources */,
				637B57EE1DD608B300A8D71C /* Frameworks */,
				637B57EF1DD608B300A8D71C /* Resources */,
			);
			buildRules = (
			);
			dependencies = (
			);
			name = ActionRouting;
			productName = ActionRouting;
			productReference = 637B57F11DD608B300A8D71C /* ActionRouting.app */;
			productType = "com.apple.product-type.application";
		};
/* End PBXNativeTarget section */

/* Begin PBXProject section */
		637B57E91DD608B300A8D71C /* Project object */ = {
			isa = PBXProject;
			attributes = {
				LastSwiftUpdateCheck = 0810;
				LastUpgradeCheck = 0810;
				ORGANIZATIONNAME = "Daniel Tull";
				TargetAttributes = {
					637B57F01DD608B300A8D71C = {
						CreatedOnToolsVersion = 8.1;
						DevelopmentTeam = B2M757K4LG;
						ProvisioningStyle = Automatic;
					};
				};
			};
			buildConfigurationList = 637B57EC1DD608B300A8D71C /* Build configuration list for PBXProject "ActionRouting" */;
			compatibilityVersion = "Xcode 3.2";
			developmentRegion = English;
			hasScannedForEncodings = 0;
			knownRegions = (
				en,
				Base,
			);
			mainGroup = 637B57E81DD608B300A8D71C;
			productRefGroup = 637B57F21DD608B300A8D71C /* Products */;
			projectDirPath = "";
			projectRoot = "";
			targets = (
				637B57F01DD608B300A8D71C /* ActionRouting */,
			);
		};
/* End PBXProject section */

/* Begin PBXResourcesBuildPhase section */
		637B57EF1DD608B300A8D71C /* Resources */ = {
			isa = PBXResourcesBuildPhase;
			buildActionMask = 2147483647;
			files = (
				637B57FF1DD608B300A8D71C /* LaunchScreen.storyboard in Resources */,
				637B57FC1DD608B300A8D71C /* Assets.xcassets in Resources */,
				637B57FA1DD608B300A8D71C /* Main.storyboard in Resources */,
			);
			runOnlyForDeploymentPostprocessing = 0;
		};
/* End PBXResourcesBuildPhase section */

/* Begin PBXSourcesBuildPhase section */
		637B57ED1DD608B300A8D71C /* Sources */ = {
			isa = PBXSourcesBuildPhase;
			buildActionMask = 2147483647;
			files = (
				637B57F71DD608B300A8D71C /* ViewController.swift in Sources */,
				637B57F51DD608B300A8D71C /* AppDelegate.swift in Sources */,
			);
			runOnlyForDeploymentPostprocessing = 0;
		};
/* End PBXSourcesBuildPhase section */

/* Begin PBXVariantGroup section */
		637B57F81DD608B300A8D71C /* Main.storyboard */ = {
			isa = PBXVariantGroup;
			children = (
				637B57F91DD608B300A8D71C /* Base */,
			);
			name = Main.storyboard;
			sourceTree = "<group>";
		};
		637B57FD1DD608B300A8D71C /* LaunchScreen.storyboard */ = {
			isa = PBXVariantGroup;
			children = (
				637B57FE1DD608B300A8D71C /* Base */,
			);
			name = LaunchScreen.storyboard;
			sourceTree = "<group>";
		};
/* End PBXVariantGroup section */

/* Begin XCBuildConfiguration section */
		637B58011DD608B300A8D71C /* Debug */ = {
			isa = XCBuildConfiguration;
			buildSettings = {
				ALWAYS_SEARCH_USER_PATHS = NO;
				CLANG_ANALYZER_NONNULL = YES;
				CLANG_CXX_LANGUAGE_STANDARD = "gnu++0x";
				CLANG_CXX_LIBRARY = "libc++";
				CLANG_ENABLE_MODULES = YES;
				CLANG_ENABLE_OBJC_ARC = YES;
				CLANG_WARN_BOOL_CONVERSION = YES;
				CLANG_WARN_CONSTANT_CONVERSION = YES;
				CLANG_WARN_DIRECT_OBJC_ISA_USAGE = YES_ERROR;
				CLANG_WARN_DOCUMENTATION_COMMENTS = YES;
				CLANG_WARN_EMPTY_BODY = YES;
				CLANG_WARN_ENUM_CONVERSION = YES;
				CLANG_WARN_INFINITE_RECURSION = YES;
				CLANG_WARN_INT_CONVERSION = YES;
				CLANG_WARN_OBJC_ROOT_CLASS = YES_ERROR;
				CLANG_WARN_SUSPICIOUS_MOVES = YES;
				CLANG_WARN_UNREACHABLE_CODE = YES;
				CLANG_WARN__DUPLICATE_METHOD_MATCH = YES;
				"CODE_SIGN_IDENTITY[sdk=iphoneos*]" = "iPhone Developer";
				COPY_PHASE_STRIP = NO;
				DEBUG_INFORMATION_FORMAT = dwarf;
				ENABLE_STRICT_OBJC_MSGSEND = YES;
				ENABLE_TESTABILITY = YES;
				GCC_C_LANGUAGE_STANDARD = gnu99;
				GCC_DYNAMIC_NO_PIC = NO;
				GCC_NO_COMMON_BLOCKS = YES;
				GCC_OPTIMIZATION_LEVEL = 0;
				GCC_PREPROCESSOR_DEFINITIONS = (
					"DEBUG=1",
					"$(inherited)",
				);
				GCC_WARN_64_TO_32_BIT_CONVERSION = YES;
				GCC_WARN_ABOUT_RETURN_TYPE = YES_ERROR;
				GCC_WARN_UNDECLARED_SELECTOR = YES;
				GCC_WARN_UNINITIALIZED_AUTOS = YES_AGGRESSIVE;
				GCC_WARN_UNUSED_FUNCTION = YES;
				GCC_WARN_UNUSED_VARIABLE = YES;
				IPHONEOS_DEPLOYMENT_TARGET = 10.1;
				MTL_ENABLE_DEBUG_INFO = YES;
				ONLY_ACTIVE_ARCH = YES;
				SDKROOT = iphoneos;
				SWIFT_ACTIVE_COMPILATION_CONDITIONS = DEBUG;
				SWIFT_OPTIMIZATION_LEVEL = "-Onone";
			};
			name = Debug;
		};
		637B58021DD608B300A8D71C /* Release */ = {
			isa = XCBuildConfiguration;
			buildSettings = {
				ALWAYS_SEARCH_USER_PATHS = NO;
				CLANG_ANALYZER_NONNULL = YES;
				CLANG_CXX_LANGUAGE_STANDARD = "gnu++0x";
				CLANG_CXX_LIBRARY = "libc++";
				CLANG_ENABLE_MODULES = YES;
				CLANG_ENABLE_OBJC_ARC = YES;
				CLANG_WARN_BOOL_CONVERSION = YES;
				CLANG_WARN_CONSTANT_CONVERSION = YES;
				CLANG_WARN_DIRECT_OBJC_ISA_USAGE = YES_ERROR;
				CLANG_WARN_DOCUMENTATION_COMMENTS = YES;
				CLANG_WARN_EMPTY_BODY = YES;
				CLANG_WARN_ENUM_CONVERSION = YES;
				CLANG_WARN_INFINITE_RECURSION = YES;
				CLANG_WARN_INT_CONVERSION = YES;
				CLANG_WARN_OBJC_ROOT_CLASS = YES_ERROR;
				CLANG_WARN_SUSPICIOUS_MOVES = YES;
				CLANG_WARN_UNREACHABLE_CODE = YES;
				CLANG_WARN__DUPLICATE_METHOD_MATCH = YES;
				"CODE_SIGN_IDENTITY[sdk=iphoneos*]" = "iPhone Developer";
				COPY_PHASE_STRIP = NO;
				DEBUG_INFORMATION_FORMAT = "dwarf-with-dsym";
				ENABLE_NS_ASSERTIONS = NO;
				ENABLE_STRICT_OBJC_MSGSEND = YES;
				GCC_C_LANGUAGE_STANDARD = gnu99;
				GCC_NO_COMMON_BLOCKS = YES;
				GCC_WARN_64_TO_32_BIT_CONVERSION = YES;
				GCC_WARN_ABOUT_RETURN_TYPE = YES_ERROR;
				GCC_WARN_UNDECLARED_SELECTOR = YES;
				GCC_WARN_UNINITIALIZED_AUTOS = YES_AGGRESSIVE;
				GCC_WARN_UNUSED_FUNCTION = YES;
				GCC_WARN_UNUSED_VARIABLE = YES;
				IPHONEOS_DEPLOYMENT_TARGET = 10.1;
				MTL_ENABLE_DEBUG_INFO = NO;
				SDKROOT = iphoneos;
				SWIFT_OPTIMIZATION_LEVEL = "-Owholemodule";
				VALIDATE_PRODUCT = YES;
			};
			name = Release;
		};
		637B58041DD608B300A8D71C /* Debug */ = {
			isa = XCBuildConfiguration;
			buildSettings = {
				ASSETCATALOG_COMPILER_APPICON_NAME = AppIcon;
				DEVELOPMENT_TEAM = B2M757K4LG;
				INFOPLIST_FILE = ActionRouting/Info.plist;
				LD_RUNPATH_SEARCH_PATHS = "$(inherited) @executable_path/Frameworks";
				PRODUCT_BUNDLE_IDENTIFIER = uk.co.danieltull.ActionRouting;
				PRODUCT_NAME = "$(TARGET_NAME)";
				SWIFT_VERSION = 3.0;
			};
			name = Debug;
		};
		637B58051DD608B300A8D71C /* Release */ = {
			isa = XCBuildConfiguration;
			buildSettings = {
				ASSETCATALOG_COMPILER_APPICON_NAME = AppIcon;
				DEVELOPMENT_TEAM = B2M757K4LG;
				INFOPLIST_FILE = ActionRouting/Info.plist;
				LD_RUNPATH_SEARCH_PATHS = "$(inherited) @executable_path/Frameworks";
				PRODUCT_BUNDLE_IDENTIFIER = uk.co.danieltull.ActionRouting;
				PRODUCT_NAME = "$(TARGET_NAME)";
				SWIFT_VERSION = 3.0;
			};
			name = Release;
		};
/* End XCBuildConfiguration section */

/* Begin XCConfigurationList section */
		637B57EC1DD608B300A8D71C /* Build configuration list for PBXProject "ActionRouting" */ = {
			isa = XCConfigurationList;
			buildConfigurations = (
				637B58011DD608B300A8D71C /* Debug */,
				637B58021DD608B300A8D71C /* Release */,
			);
			defaultConfigurationIsVisible = 0;
			defaultConfigurationName = Release;
		};
		637B58031DD608B300A8D71C /* Build configuration list for PBXNativeTarget "ActionRouting" */ = {
			isa = XCConfigurationList;
			buildConfigurations = (
				637B58041DD608B300A8D71C /* Debug */,
				637B58051DD608B300A8D71C /* Release */,
			);
			defaultConfigurationIsVisible = 0;
		};
/* End XCConfigurationList section */
	};
	rootObject = 637B57E91DD608B300A8D71C /* Project object */;
}
